// !$*UTF8*$!
{
	archiveVersion = 1;
	classes = {
	};
	objectVersion = 46;
	objects = {

/* Begin PBXBuildFile section */
		3113A8521A82373D00E972F3 /* EAWorkflowDateScrollView.m in Sources */ = {isa = PBXBuildFile; fileRef = 3113A8511A82373D00E972F3 /* EAWorkflowDateScrollView.m */; };
		311734A81A87E265006B2B39 /* EAWorkflowListCollectionViewController.m in Sources */ = {isa = PBXBuildFile; fileRef = 311734A71A87E265006B2B39 /* EAWorkflowListCollectionViewController.m */; };
		311734AB1A87E2E4006B2B39 /* FRGWaterfallCollectionViewLayout.m in Sources */ = {isa = PBXBuildFile; fileRef = 311734AA1A87E2E4006B2B39 /* FRGWaterfallCollectionViewLayout.m */; };
		311734AE1A87E416006B2B39 /* FRGWaterfallDecorationReusableView.m in Sources */ = {isa = PBXBuildFile; fileRef = 311734AD1A87E416006B2B39 /* FRGWaterfallDecorationReusableView.m */; };
		311734B41A87E6E1006B2B39 /* EAWorkflowListCollectionViewCell.m in Sources */ = {isa = PBXBuildFile; fileRef = 311734B31A87E6E1006B2B39 /* EAWorkflowListCollectionViewCell.m */; };
		311734C11A88B8E1006B2B39 /* MBPullDownController.m in Sources */ = {isa = PBXBuildFile; fileRef = 311734C01A88B8E1006B2B39 /* MBPullDownController.m */; };
		311915BC1AA510BB00DD4EDF /* EATaskCollectionViewCell.m in Sources */ = {isa = PBXBuildFile; fileRef = 311915BB1AA510BB00DD4EDF /* EATaskCollectionViewCell.m */; };
		311915BD1AA5122E00DD4EDF /* EATasksViewController.m in Sources */ = {isa = PBXBuildFile; fileRef = 31BA9A641AA47E14005D4E22 /* EATasksViewController.m */; };
		311915C31AA5BB6700DD4EDF /* EAAgent.m in Sources */ = {isa = PBXBuildFile; fileRef = 311915C21AA5BB6700DD4EDF /* EAAgent.m */; };
		312988031AC861F700036504 /* EAIngredient.m in Sources */ = {isa = PBXBuildFile; fileRef = 312988021AC861F700036504 /* EAIngredient.m */; };
		312988061AC8644F00036504 /* EAUser.m in Sources */ = {isa = PBXBuildFile; fileRef = 312988051AC8644F00036504 /* EAUser.m */; };
		313078141A89213B0080E17B /* EAWorkflowInfosViewController.m in Sources */ = {isa = PBXBuildFile; fileRef = 313078131A89213B0080E17B /* EAWorkflowInfosViewController.m */; };
		313893F01A8AB34400D0AF11 /* EASearchTableViewController.m in Sources */ = {isa = PBXBuildFile; fileRef = 313893EF1A8AB34400D0AF11 /* EASearchTableViewController.m */; };
		3146E6B41A80E2160072FC99 /* main.m in Sources */ = {isa = PBXBuildFile; fileRef = 3146E6B31A80E2160072FC99 /* main.m */; };
		3146E6B71A80E2160072FC99 /* AppDelegate.m in Sources */ = {isa = PBXBuildFile; fileRef = 3146E6B61A80E2160072FC99 /* AppDelegate.m */; };
		3146E6BA1A80E2160072FC99 /* EAWorkflowViewController.m in Sources */ = {isa = PBXBuildFile; fileRef = 3146E6B91A80E2160072FC99 /* EAWorkflowViewController.m */; };
		3146E6BD1A80E2160072FC99 /* Main.storyboard in Resources */ = {isa = PBXBuildFile; fileRef = 3146E6BB1A80E2160072FC99 /* Main.storyboard */; };
		3146E6BF1A80E2160072FC99 /* Images.xcassets in Resources */ = {isa = PBXBuildFile; fileRef = 3146E6BE1A80E2160072FC99 /* Images.xcassets */; };
		3146E6C21A80E2160072FC99 /* LaunchScreen.xib in Resources */ = {isa = PBXBuildFile; fileRef = 3146E6C01A80E2160072FC99 /* LaunchScreen.xib */; };
		3146E6CE1A80E2160072FC99 /* EASETests.m in Sources */ = {isa = PBXBuildFile; fileRef = 3146E6CD1A80E2160072FC99 /* EASETests.m */; };
		3146E6DB1A80E57A0072FC99 /* EAWorkflow.m in Sources */ = {isa = PBXBuildFile; fileRef = 3146E6DA1A80E57A0072FC99 /* EAWorkflow.m */; };
		3146E6DE1A80E62B0072FC99 /* EATask.m in Sources */ = {isa = PBXBuildFile; fileRef = 3146E6DD1A80E62B0072FC99 /* EATask.m */; };
		3146E6E71A8152280072FC99 /* EACollectionViewWorkflowLayout.m in Sources */ = {isa = PBXBuildFile; fileRef = 3146E6E61A8152280072FC99 /* EACollectionViewWorkflowLayout.m */; };
		3146E6EA1A8154870072FC99 /* EADateInterval.m in Sources */ = {isa = PBXBuildFile; fileRef = 3146E6E91A8154870072FC99 /* EADateInterval.m */; };
		3146E6ED1A8165060072FC99 /* EAWorkflowTaskCollectionViewCell.m in Sources */ = {isa = PBXBuildFile; fileRef = 3146E6EC1A8165060072FC99 /* EAWorkflowTaskCollectionViewCell.m */; };
		3157226F1AE96AFC00C3D1FA /* EAMetaTask.m in Sources */ = {isa = PBXBuildFile; fileRef = 3157226E1AE96AFC00C3D1FA /* EAMetaTask.m */; };
		315722711AE9950300C3D1FA /* EATaskHeader.xib in Resources */ = {isa = PBXBuildFile; fileRef = 315722701AE9950300C3D1FA /* EATaskHeader.xib */; };
		315722741AE999F200C3D1FA /* MYNStickyFlowLayout.m in Sources */ = {isa = PBXBuildFile; fileRef = 315722731AE999F200C3D1FA /* MYNStickyFlowLayout.m */; };
		315722771AE9B1DA00C3D1FA /* FSQCollectionViewAlignedLayout.m in Sources */ = {isa = PBXBuildFile; fileRef = 315722761AE9B1DA00C3D1FA /* FSQCollectionViewAlignedLayout.m */; };
		315AC96E1AACFDF800E7B54C /* EACalendarViewController.m in Sources */ = {isa = PBXBuildFile; fileRef = 315AC96D1AACFDF800E7B54C /* EACalendarViewController.m */; };
		316DBF441A8C11C600828BE2 /* EAWorkflowMasterViewController.m in Sources */ = {isa = PBXBuildFile; fileRef = 316DBF431A8C11C600828BE2 /* EAWorkflowMasterViewController.m */; };
		316DBF471A8CB15800828BE2 /* EANetworkingHelper.m in Sources */ = {isa = PBXBuildFile; fileRef = 316DBF461A8CB15800828BE2 /* EANetworkingHelper.m */; };
		3176D78F1ABF76F600B206A7 /* EACalendarWorkflowCollectionViewCell.m in Sources */ = {isa = PBXBuildFile; fileRef = 3176D78E1ABF76F600B206A7 /* EACalendarWorkflowCollectionViewCell.m */; };
		319860201AE283580057D9E0 /* EASearchPopupViewController.m in Sources */ = {isa = PBXBuildFile; fileRef = 3198601F1AE283580057D9E0 /* EASearchPopupViewController.m */; };
		319CCBD31AA66FC900567C14 /* EATaskInfoViewController.m in Sources */ = {isa = PBXBuildFile; fileRef = 319CCBD21AA66FC900567C14 /* EATaskInfoViewController.m */; };
		31A2A46C1AAC7D9B00C0F77F /* EATaskCell.xib in Resources */ = {isa = PBXBuildFile; fileRef = 31A2A46B1AAC7D9B00C0F77F /* EATaskCell.xib */; };
		31A50F0D1AC94ABF00BDF367 /* EACalendarTaskCollectionViewCell.m in Sources */ = {isa = PBXBuildFile; fileRef = 31A50F0C1AC94ABF00BDF367 /* EACalendarTaskCollectionViewCell.m */; };
		31A7509F1A8F3FDA00FF0E7C /* EASearchSortTableViewController.m in Sources */ = {isa = PBXBuildFile; fileRef = 31A7509E1A8F3FDA00FF0E7C /* EASearchSortTableViewController.m */; };
		31BA9A5A1AA46CA3005D4E22 /* EARootViewController.m in Sources */ = {isa = PBXBuildFile; fileRef = 31BA9A591AA46CA3005D4E22 /* EARootViewController.m */; };
		31BA9A5D1AA4719D005D4E22 /* EALeftMenuViewController.m in Sources */ = {isa = PBXBuildFile; fileRef = 31BA9A5C1AA4719D005D4E22 /* EALeftMenuViewController.m */; };
		31C02CF61AD2F22F00D4A915 /* EASearchResults.m in Sources */ = {isa = PBXBuildFile; fileRef = 31C02CF51AD2F22F00D4A915 /* EASearchResults.m */; };
		31C02CFB1AD2F6B000D4A915 /* NSDate+Complements.m in Sources */ = {isa = PBXBuildFile; fileRef = 31C02CFA1AD2F6B000D4A915 /* NSDate+Complements.m */; };
		31C02CFE1AD3293200D4A915 /* EAMetaworkflow.m in Sources */ = {isa = PBXBuildFile; fileRef = 31C02CFD1AD3293200D4A915 /* EAMetaworkflow.m */; };
		31FFAE9D1AD04DE900AACD2D /* EALoginViewController.m in Sources */ = {isa = PBXBuildFile; fileRef = 31FFAE9C1AD04DE900AACD2D /* EALoginViewController.m */; };
		60711E5F69F762FB1F7D615E /* Pods.framework in Frameworks */ = {isa = PBXBuildFile; fileRef = 8B823D8B3C18F8EEB2E51D44 /* Pods.framework */; settings = {ATTRIBUTES = (Weak, ); }; };
/* End PBXBuildFile section */

/* Begin PBXContainerItemProxy section */
		3146E6C81A80E2160072FC99 /* PBXContainerItemProxy */ = {
			isa = PBXContainerItemProxy;
			containerPortal = 3146E6A61A80E2160072FC99 /* Project object */;
			proxyType = 1;
			remoteGlobalIDString = 3146E6AD1A80E2160072FC99;
			remoteInfo = EASE;
		};
/* End PBXContainerItemProxy section */

/* Begin PBXFileReference section */
		3113A8501A82373D00E972F3 /* EAWorkflowDateScrollView.h */ = {isa = PBXFileReference; fileEncoding = 4; lastKnownFileType = sourcecode.c.h; path = EAWorkflowDateScrollView.h; sourceTree = "<group>"; };
		3113A8511A82373D00E972F3 /* EAWorkflowDateScrollView.m */ = {isa = PBXFileReference; fileEncoding = 4; lastKnownFileType = sourcecode.c.objc; path = EAWorkflowDateScrollView.m; sourceTree = "<group>"; };
		311734A61A87E265006B2B39 /* EAWorkflowListCollectionViewController.h */ = {isa = PBXFileReference; fileEncoding = 4; lastKnownFileType = sourcecode.c.h; path = EAWorkflowListCollectionViewController.h; sourceTree = "<group>"; };
		311734A71A87E265006B2B39 /* EAWorkflowListCollectionViewController.m */ = {isa = PBXFileReference; fileEncoding = 4; lastKnownFileType = sourcecode.c.objc; path = EAWorkflowListCollectionViewController.m; sourceTree = "<group>"; };
		311734A91A87E2E3006B2B39 /* FRGWaterfallCollectionViewLayout.h */ = {isa = PBXFileReference; fileEncoding = 4; lastKnownFileType = sourcecode.c.h; path = FRGWaterfallCollectionViewLayout.h; sourceTree = "<group>"; };
		311734AA1A87E2E4006B2B39 /* FRGWaterfallCollectionViewLayout.m */ = {isa = PBXFileReference; fileEncoding = 4; lastKnownFileType = sourcecode.c.objc; path = FRGWaterfallCollectionViewLayout.m; sourceTree = "<group>"; };
		311734AC1A87E416006B2B39 /* FRGWaterfallDecorationReusableView.h */ = {isa = PBXFileReference; fileEncoding = 4; lastKnownFileType = sourcecode.c.h; path = FRGWaterfallDecorationReusableView.h; sourceTree = "<group>"; };
		311734AD1A87E416006B2B39 /* FRGWaterfallDecorationReusableView.m */ = {isa = PBXFileReference; fileEncoding = 4; lastKnownFileType = sourcecode.c.objc; path = FRGWaterfallDecorationReusableView.m; sourceTree = "<group>"; };
		311734B21A87E6E1006B2B39 /* EAWorkflowListCollectionViewCell.h */ = {isa = PBXFileReference; fileEncoding = 4; lastKnownFileType = sourcecode.c.h; path = EAWorkflowListCollectionViewCell.h; sourceTree = "<group>"; };
		311734B31A87E6E1006B2B39 /* EAWorkflowListCollectionViewCell.m */ = {isa = PBXFileReference; fileEncoding = 4; lastKnownFileType = sourcecode.c.objc; path = EAWorkflowListCollectionViewCell.m; sourceTree = "<group>"; };
		311734BF1A88B8E1006B2B39 /* MBPullDownController.h */ = {isa = PBXFileReference; fileEncoding = 4; lastKnownFileType = sourcecode.c.h; path = MBPullDownController.h; sourceTree = "<group>"; };
		311734C01A88B8E1006B2B39 /* MBPullDownController.m */ = {isa = PBXFileReference; fileEncoding = 4; lastKnownFileType = sourcecode.c.objc; path = MBPullDownController.m; sourceTree = "<group>"; };
		311915BA1AA510BB00DD4EDF /* EATaskCollectionViewCell.h */ = {isa = PBXFileReference; fileEncoding = 4; lastKnownFileType = sourcecode.c.h; path = EATaskCollectionViewCell.h; sourceTree = "<group>"; };
		311915BB1AA510BB00DD4EDF /* EATaskCollectionViewCell.m */ = {isa = PBXFileReference; fileEncoding = 4; lastKnownFileType = sourcecode.c.objc; path = EATaskCollectionViewCell.m; sourceTree = "<group>"; };
		311915C11AA5BB6700DD4EDF /* EAAgent.h */ = {isa = PBXFileReference; fileEncoding = 4; lastKnownFileType = sourcecode.c.h; path = EAAgent.h; sourceTree = "<group>"; };
		311915C21AA5BB6700DD4EDF /* EAAgent.m */ = {isa = PBXFileReference; fileEncoding = 4; lastKnownFileType = sourcecode.c.objc; path = EAAgent.m; sourceTree = "<group>"; };
		312988011AC861F700036504 /* EAIngredient.h */ = {isa = PBXFileReference; fileEncoding = 4; lastKnownFileType = sourcecode.c.h; path = EAIngredient.h; sourceTree = "<group>"; };
		312988021AC861F700036504 /* EAIngredient.m */ = {isa = PBXFileReference; fileEncoding = 4; lastKnownFileType = sourcecode.c.objc; path = EAIngredient.m; sourceTree = "<group>"; };
		312988041AC8644F00036504 /* EAUser.h */ = {isa = PBXFileReference; fileEncoding = 4; lastKnownFileType = sourcecode.c.h; path = EAUser.h; sourceTree = "<group>"; };
		312988051AC8644F00036504 /* EAUser.m */ = {isa = PBXFileReference; fileEncoding = 4; lastKnownFileType = sourcecode.c.objc; path = EAUser.m; sourceTree = "<group>"; };
		313078121A89213B0080E17B /* EAWorkflowInfosViewController.h */ = {isa = PBXFileReference; fileEncoding = 4; lastKnownFileType = sourcecode.c.h; path = EAWorkflowInfosViewController.h; sourceTree = "<group>"; };
		313078131A89213B0080E17B /* EAWorkflowInfosViewController.m */ = {isa = PBXFileReference; fileEncoding = 4; lastKnownFileType = sourcecode.c.objc; path = EAWorkflowInfosViewController.m; sourceTree = "<group>"; };
		313893EE1A8AB34400D0AF11 /* EASearchTableViewController.h */ = {isa = PBXFileReference; fileEncoding = 4; lastKnownFileType = sourcecode.c.h; path = EASearchTableViewController.h; sourceTree = "<group>"; };
		313893EF1A8AB34400D0AF11 /* EASearchTableViewController.m */ = {isa = PBXFileReference; fileEncoding = 4; lastKnownFileType = sourcecode.c.objc; path = EASearchTableViewController.m; sourceTree = "<group>"; };
		3146E6AE1A80E2160072FC99 /* EASE.app */ = {isa = PBXFileReference; explicitFileType = wrapper.application; includeInIndex = 0; path = EASE.app; sourceTree = BUILT_PRODUCTS_DIR; };
		3146E6B21A80E2160072FC99 /* Info.plist */ = {isa = PBXFileReference; lastKnownFileType = text.plist.xml; path = Info.plist; sourceTree = "<group>"; };
		3146E6B31A80E2160072FC99 /* main.m */ = {isa = PBXFileReference; lastKnownFileType = sourcecode.c.objc; path = main.m; sourceTree = "<group>"; };
		3146E6B51A80E2160072FC99 /* AppDelegate.h */ = {isa = PBXFileReference; lastKnownFileType = sourcecode.c.h; path = AppDelegate.h; sourceTree = "<group>"; };
		3146E6B61A80E2160072FC99 /* AppDelegate.m */ = {isa = PBXFileReference; lastKnownFileType = sourcecode.c.objc; path = AppDelegate.m; sourceTree = "<group>"; };
		3146E6B81A80E2160072FC99 /* EAWorkflowViewController.h */ = {isa = PBXFileReference; lastKnownFileType = sourcecode.c.h; path = EAWorkflowViewController.h; sourceTree = "<group>"; };
		3146E6B91A80E2160072FC99 /* EAWorkflowViewController.m */ = {isa = PBXFileReference; lastKnownFileType = sourcecode.c.objc; path = EAWorkflowViewController.m; sourceTree = "<group>"; };
		3146E6BC1A80E2160072FC99 /* Base */ = {isa = PBXFileReference; lastKnownFileType = file.storyboard; name = Base; path = Base.lproj/Main.storyboard; sourceTree = "<group>"; };
		3146E6BE1A80E2160072FC99 /* Images.xcassets */ = {isa = PBXFileReference; lastKnownFileType = folder.assetcatalog; path = Images.xcassets; sourceTree = "<group>"; };
		3146E6C11A80E2160072FC99 /* Base */ = {isa = PBXFileReference; lastKnownFileType = file.xib; name = Base; path = Base.lproj/LaunchScreen.xib; sourceTree = "<group>"; };
		3146E6C71A80E2160072FC99 /* EASETests.xctest */ = {isa = PBXFileReference; explicitFileType = wrapper.cfbundle; includeInIndex = 0; path = EASETests.xctest; sourceTree = BUILT_PRODUCTS_DIR; };
		3146E6CC1A80E2160072FC99 /* Info.plist */ = {isa = PBXFileReference; lastKnownFileType = text.plist.xml; path = Info.plist; sourceTree = "<group>"; };
		3146E6CD1A80E2160072FC99 /* EASETests.m */ = {isa = PBXFileReference; lastKnownFileType = sourcecode.c.objc; path = EASETests.m; sourceTree = "<group>"; };
		3146E6D91A80E57A0072FC99 /* EAWorkflow.h */ = {isa = PBXFileReference; fileEncoding = 4; lastKnownFileType = sourcecode.c.h; path = EAWorkflow.h; sourceTree = "<group>"; };
		3146E6DA1A80E57A0072FC99 /* EAWorkflow.m */ = {isa = PBXFileReference; fileEncoding = 4; lastKnownFileType = sourcecode.c.objc; path = EAWorkflow.m; sourceTree = "<group>"; };
		3146E6DC1A80E62B0072FC99 /* EATask.h */ = {isa = PBXFileReference; fileEncoding = 4; lastKnownFileType = sourcecode.c.h; path = EATask.h; sourceTree = "<group>"; };
		3146E6DD1A80E62B0072FC99 /* EATask.m */ = {isa = PBXFileReference; fileEncoding = 4; lastKnownFileType = sourcecode.c.objc; path = EATask.m; sourceTree = "<group>"; };
		3146E6E51A8152280072FC99 /* EACollectionViewWorkflowLayout.h */ = {isa = PBXFileReference; fileEncoding = 4; lastKnownFileType = sourcecode.c.h; name = EACollectionViewWorkflowLayout.h; path = ../EACollectionViewWorkflowLayout.h; sourceTree = "<group>"; };
		3146E6E61A8152280072FC99 /* EACollectionViewWorkflowLayout.m */ = {isa = PBXFileReference; fileEncoding = 4; lastKnownFileType = sourcecode.c.objc; name = EACollectionViewWorkflowLayout.m; path = ../EACollectionViewWorkflowLayout.m; sourceTree = "<group>"; };
		3146E6E81A8154870072FC99 /* EADateInterval.h */ = {isa = PBXFileReference; fileEncoding = 4; lastKnownFileType = sourcecode.c.h; path = EADateInterval.h; sourceTree = "<group>"; };
		3146E6E91A8154870072FC99 /* EADateInterval.m */ = {isa = PBXFileReference; fileEncoding = 4; lastKnownFileType = sourcecode.c.objc; path = EADateInterval.m; sourceTree = "<group>"; };
		3146E6EB1A8165060072FC99 /* EAWorkflowTaskCollectionViewCell.h */ = {isa = PBXFileReference; fileEncoding = 4; lastKnownFileType = sourcecode.c.h; path = EAWorkflowTaskCollectionViewCell.h; sourceTree = "<group>"; };
		3146E6EC1A8165060072FC99 /* EAWorkflowTaskCollectionViewCell.m */ = {isa = PBXFileReference; fileEncoding = 4; lastKnownFileType = sourcecode.c.objc; path = EAWorkflowTaskCollectionViewCell.m; sourceTree = "<group>"; };
		3157226D1AE96AFC00C3D1FA /* EAMetaTask.h */ = {isa = PBXFileReference; fileEncoding = 4; lastKnownFileType = sourcecode.c.h; path = EAMetaTask.h; sourceTree = "<group>"; };
		3157226E1AE96AFC00C3D1FA /* EAMetaTask.m */ = {isa = PBXFileReference; fileEncoding = 4; lastKnownFileType = sourcecode.c.objc; path = EAMetaTask.m; sourceTree = "<group>"; };
		315722701AE9950300C3D1FA /* EATaskHeader.xib */ = {isa = PBXFileReference; fileEncoding = 4; lastKnownFileType = file.xib; path = EATaskHeader.xib; sourceTree = "<group>"; };
		315722721AE999F200C3D1FA /* MYNStickyFlowLayout.h */ = {isa = PBXFileReference; fileEncoding = 4; lastKnownFileType = sourcecode.c.h; path = MYNStickyFlowLayout.h; sourceTree = "<group>"; };
		315722731AE999F200C3D1FA /* MYNStickyFlowLayout.m */ = {isa = PBXFileReference; fileEncoding = 4; lastKnownFileType = sourcecode.c.objc; path = MYNStickyFlowLayout.m; sourceTree = "<group>"; };
		315722751AE9B1DA00C3D1FA /* FSQCollectionViewAlignedLayout.h */ = {isa = PBXFileReference; fileEncoding = 4; lastKnownFileType = sourcecode.c.h; path = FSQCollectionViewAlignedLayout.h; sourceTree = "<group>"; };
		315722761AE9B1DA00C3D1FA /* FSQCollectionViewAlignedLayout.m */ = {isa = PBXFileReference; fileEncoding = 4; lastKnownFileType = sourcecode.c.objc; path = FSQCollectionViewAlignedLayout.m; sourceTree = "<group>"; };
		315AC96C1AACFDF800E7B54C /* EACalendarViewController.h */ = {isa = PBXFileReference; fileEncoding = 4; lastKnownFileType = sourcecode.c.h; path = EACalendarViewController.h; sourceTree = "<group>"; };
		315AC96D1AACFDF800E7B54C /* EACalendarViewController.m */ = {isa = PBXFileReference; fileEncoding = 4; lastKnownFileType = sourcecode.c.objc; path = EACalendarViewController.m; sourceTree = "<group>"; };
		316DBF421A8C11C600828BE2 /* EAWorkflowMasterViewController.h */ = {isa = PBXFileReference; fileEncoding = 4; lastKnownFileType = sourcecode.c.h; path = EAWorkflowMasterViewController.h; sourceTree = "<group>"; };
		316DBF431A8C11C600828BE2 /* EAWorkflowMasterViewController.m */ = {isa = PBXFileReference; fileEncoding = 4; lastKnownFileType = sourcecode.c.objc; path = EAWorkflowMasterViewController.m; sourceTree = "<group>"; };
		316DBF451A8CB15800828BE2 /* EANetworkingHelper.h */ = {isa = PBXFileReference; fileEncoding = 4; lastKnownFileType = sourcecode.c.h; path = EANetworkingHelper.h; sourceTree = "<group>"; };
		316DBF461A8CB15800828BE2 /* EANetworkingHelper.m */ = {isa = PBXFileReference; fileEncoding = 4; lastKnownFileType = sourcecode.c.objc; path = EANetworkingHelper.m; sourceTree = "<group>"; };
		3176D78D1ABF76F600B206A7 /* EACalendarWorkflowCollectionViewCell.h */ = {isa = PBXFileReference; fileEncoding = 4; lastKnownFileType = sourcecode.c.h; path = EACalendarWorkflowCollectionViewCell.h; sourceTree = "<group>"; };
		3176D78E1ABF76F600B206A7 /* EACalendarWorkflowCollectionViewCell.m */ = {isa = PBXFileReference; fileEncoding = 4; lastKnownFileType = sourcecode.c.objc; path = EACalendarWorkflowCollectionViewCell.m; sourceTree = "<group>"; };
		3198601E1AE283580057D9E0 /* EASearchPopupViewController.h */ = {isa = PBXFileReference; fileEncoding = 4; lastKnownFileType = sourcecode.c.h; path = EASearchPopupViewController.h; sourceTree = "<group>"; };
		3198601F1AE283580057D9E0 /* EASearchPopupViewController.m */ = {isa = PBXFileReference; fileEncoding = 4; lastKnownFileType = sourcecode.c.objc; path = EASearchPopupViewController.m; sourceTree = "<group>"; };
		319CCBD11AA66FC900567C14 /* EATaskInfoViewController.h */ = {isa = PBXFileReference; fileEncoding = 4; lastKnownFileType = sourcecode.c.h; path = EATaskInfoViewController.h; sourceTree = "<group>"; };
		319CCBD21AA66FC900567C14 /* EATaskInfoViewController.m */ = {isa = PBXFileReference; fileEncoding = 4; lastKnownFileType = sourcecode.c.objc; path = EATaskInfoViewController.m; sourceTree = "<group>"; };
		31A2A46B1AAC7D9B00C0F77F /* EATaskCell.xib */ = {isa = PBXFileReference; fileEncoding = 4; lastKnownFileType = file.xib; path = EATaskCell.xib; sourceTree = "<group>"; };
		31A50F0B1AC94ABF00BDF367 /* EACalendarTaskCollectionViewCell.h */ = {isa = PBXFileReference; fileEncoding = 4; lastKnownFileType = sourcecode.c.h; path = EACalendarTaskCollectionViewCell.h; sourceTree = "<group>"; };
		31A50F0C1AC94ABF00BDF367 /* EACalendarTaskCollectionViewCell.m */ = {isa = PBXFileReference; fileEncoding = 4; lastKnownFileType = sourcecode.c.objc; path = EACalendarTaskCollectionViewCell.m; sourceTree = "<group>"; };
		31A7509D1A8F3FDA00FF0E7C /* EASearchSortTableViewController.h */ = {isa = PBXFileReference; fileEncoding = 4; lastKnownFileType = sourcecode.c.h; path = EASearchSortTableViewController.h; sourceTree = "<group>"; };
		31A7509E1A8F3FDA00FF0E7C /* EASearchSortTableViewController.m */ = {isa = PBXFileReference; fileEncoding = 4; lastKnownFileType = sourcecode.c.objc; path = EASearchSortTableViewController.m; sourceTree = "<group>"; };
		31BA9A581AA46CA3005D4E22 /* EARootViewController.h */ = {isa = PBXFileReference; fileEncoding = 4; lastKnownFileType = sourcecode.c.h; path = EARootViewController.h; sourceTree = "<group>"; };
		31BA9A591AA46CA3005D4E22 /* EARootViewController.m */ = {isa = PBXFileReference; fileEncoding = 4; lastKnownFileType = sourcecode.c.objc; path = EARootViewController.m; sourceTree = "<group>"; };
		31BA9A5B1AA4719D005D4E22 /* EALeftMenuViewController.h */ = {isa = PBXFileReference; fileEncoding = 4; lastKnownFileType = sourcecode.c.h; path = EALeftMenuViewController.h; sourceTree = "<group>"; };
		31BA9A5C1AA4719D005D4E22 /* EALeftMenuViewController.m */ = {isa = PBXFileReference; fileEncoding = 4; lastKnownFileType = sourcecode.c.objc; path = EALeftMenuViewController.m; sourceTree = "<group>"; };
		31BA9A631AA47E14005D4E22 /* EATasksViewController.h */ = {isa = PBXFileReference; fileEncoding = 4; lastKnownFileType = sourcecode.c.h; path = EATasksViewController.h; sourceTree = "<group>"; };
		31BA9A641AA47E14005D4E22 /* EATasksViewController.m */ = {isa = PBXFileReference; fileEncoding = 4; lastKnownFileType = sourcecode.c.objc; path = EATasksViewController.m; sourceTree = "<group>"; };
		31C02CF41AD2F22F00D4A915 /* EASearchResults.h */ = {isa = PBXFileReference; fileEncoding = 4; lastKnownFileType = sourcecode.c.h; path = EASearchResults.h; sourceTree = "<group>"; };
		31C02CF51AD2F22F00D4A915 /* EASearchResults.m */ = {isa = PBXFileReference; fileEncoding = 4; lastKnownFileType = sourcecode.c.objc; path = EASearchResults.m; sourceTree = "<group>"; };
		31C02CF91AD2F6B000D4A915 /* NSDate+Complements.h */ = {isa = PBXFileReference; fileEncoding = 4; lastKnownFileType = sourcecode.c.h; path = "NSDate+Complements.h"; sourceTree = "<group>"; };
		31C02CFA1AD2F6B000D4A915 /* NSDate+Complements.m */ = {isa = PBXFileReference; fileEncoding = 4; lastKnownFileType = sourcecode.c.objc; path = "NSDate+Complements.m"; sourceTree = "<group>"; };
		31C02CFC1AD3293200D4A915 /* EAMetaworkflow.h */ = {isa = PBXFileReference; fileEncoding = 4; lastKnownFileType = sourcecode.c.h; path = EAMetaworkflow.h; sourceTree = "<group>"; };
		31C02CFD1AD3293200D4A915 /* EAMetaworkflow.m */ = {isa = PBXFileReference; fileEncoding = 4; lastKnownFileType = sourcecode.c.objc; path = EAMetaworkflow.m; sourceTree = "<group>"; };
		31FFAE9B1AD04DE900AACD2D /* EALoginViewController.h */ = {isa = PBXFileReference; fileEncoding = 4; lastKnownFileType = sourcecode.c.h; path = EALoginViewController.h; sourceTree = "<group>"; };
		31FFAE9C1AD04DE900AACD2D /* EALoginViewController.m */ = {isa = PBXFileReference; fileEncoding = 4; lastKnownFileType = sourcecode.c.objc; path = EALoginViewController.m; sourceTree = "<group>"; };
		3D038CB637637CAD0E292855 /* Pods.debug.xcconfig */ = {isa = PBXFileReference; includeInIndex = 1; lastKnownFileType = text.xcconfig; name = Pods.debug.xcconfig; path = "Pods/Target Support Files/Pods/Pods.debug.xcconfig"; sourceTree = "<group>"; };
		4D2E7D23C6E8A69C23A7980B /* Pods.release.xcconfig */ = {isa = PBXFileReference; includeInIndex = 1; lastKnownFileType = text.xcconfig; name = Pods.release.xcconfig; path = "Pods/Target Support Files/Pods/Pods.release.xcconfig"; sourceTree = "<group>"; };
		8B823D8B3C18F8EEB2E51D44 /* Pods.framework */ = {isa = PBXFileReference; explicitFileType = wrapper.framework; includeInIndex = 0; path = Pods.framework; sourceTree = BUILT_PRODUCTS_DIR; };
/* End PBXFileReference section */

/* Begin PBXFrameworksBuildPhase section */
		3146E6AB1A80E2160072FC99 /* Frameworks */ = {
			isa = PBXFrameworksBuildPhase;
			buildActionMask = 2147483647;
			files = (
				60711E5F69F762FB1F7D615E /* Pods.framework in Frameworks */,
			);
			runOnlyForDeploymentPostprocessing = 0;
		};
		3146E6C41A80E2160072FC99 /* Frameworks */ = {
			isa = PBXFrameworksBuildPhase;
			buildActionMask = 2147483647;
			files = (
			);
			runOnlyForDeploymentPostprocessing = 0;
		};
/* End PBXFrameworksBuildPhase section */

/* Begin PBXGroup section */
		3113A84D1A82328800E972F3 /* Layout */ = {
			isa = PBXGroup;
			children = (
				3146E6E51A8152280072FC99 /* EACollectionViewWorkflowLayout.h */,
				3146E6E61A8152280072FC99 /* EACollectionViewWorkflowLayout.m */,
			);
			name = Layout;
			sourceTree = "<group>";
		};
		3113A84E1A82328E00E972F3 /* Cell */ = {
			isa = PBXGroup;
			children = (
				3146E6EB1A8165060072FC99 /* EAWorkflowTaskCollectionViewCell.h */,
				3146E6EC1A8165060072FC99 /* EAWorkflowTaskCollectionViewCell.m */,
			);
			name = Cell;
			sourceTree = "<group>";
		};
		311734AF1A87E68A006B2B39 /* Workflow List Viewer */ = {
			isa = PBXGroup;
			children = (
				31A7509D1A8F3FDA00FF0E7C /* EASearchSortTableViewController.h */,
				31A7509E1A8F3FDA00FF0E7C /* EASearchSortTableViewController.m */,
				311734A61A87E265006B2B39 /* EAWorkflowListCollectionViewController.h */,
				311734A71A87E265006B2B39 /* EAWorkflowListCollectionViewController.m */,
				311734B51A87E6E7006B2B39 /* Cell */,
			);
			name = "Workflow List Viewer";
			sourceTree = "<group>";
		};
		311734B51A87E6E7006B2B39 /* Cell */ = {
			isa = PBXGroup;
			children = (
				311734B21A87E6E1006B2B39 /* EAWorkflowListCollectionViewCell.h */,
				311734B31A87E6E1006B2B39 /* EAWorkflowListCollectionViewCell.m */,
			);
			name = Cell;
			sourceTree = "<group>";
		};
		311F0F5A1AEA6173005F7D01 /* House */ = {
			isa = PBXGroup;
			children = (
				311915C11AA5BB6700DD4EDF /* EAAgent.h */,
				311915C21AA5BB6700DD4EDF /* EAAgent.m */,
				312988041AC8644F00036504 /* EAUser.h */,
				312988051AC8644F00036504 /* EAUser.m */,
				312988011AC861F700036504 /* EAIngredient.h */,
				312988021AC861F700036504 /* EAIngredient.m */,
			);
			name = House;
			sourceTree = "<group>";
		};
		311F0F5B1AEA636E005F7D01 /* External Class */ = {
			isa = PBXGroup;
			children = (
				311734AC1A87E416006B2B39 /* FRGWaterfallDecorationReusableView.h */,
				311734AD1A87E416006B2B39 /* FRGWaterfallDecorationReusableView.m */,
				311734A91A87E2E3006B2B39 /* FRGWaterfallCollectionViewLayout.h */,
				311734AA1A87E2E4006B2B39 /* FRGWaterfallCollectionViewLayout.m */,
				315722721AE999F200C3D1FA /* MYNStickyFlowLayout.h */,
				315722731AE999F200C3D1FA /* MYNStickyFlowLayout.m */,
				315722751AE9B1DA00C3D1FA /* FSQCollectionViewAlignedLayout.h */,
				315722761AE9B1DA00C3D1FA /* FSQCollectionViewAlignedLayout.m */,
				311734BF1A88B8E1006B2B39 /* MBPullDownController.h */,
				311734C01A88B8E1006B2B39 /* MBPullDownController.m */,
			);
			name = "External Class";
			sourceTree = "<group>";
		};
		313078151A8921420080E17B /* Infos */ = {
			isa = PBXGroup;
			children = (
				313078121A89213B0080E17B /* EAWorkflowInfosViewController.h */,
				313078131A89213B0080E17B /* EAWorkflowInfosViewController.m */,
			);
			name = Infos;
			sourceTree = "<group>";
		};
		313078161A8921470080E17B /* Timetable */ = {
			isa = PBXGroup;
			children = (
				3146E6B81A80E2160072FC99 /* EAWorkflowViewController.h */,
				3146E6B91A80E2160072FC99 /* EAWorkflowViewController.m */,
				3113A8501A82373D00E972F3 /* EAWorkflowDateScrollView.h */,
				3113A8511A82373D00E972F3 /* EAWorkflowDateScrollView.m */,
				3113A84D1A82328800E972F3 /* Layout */,
				3113A84E1A82328E00E972F3 /* Cell */,
			);
			name = Timetable;
			sourceTree = "<group>";
		};
		313893F11A8AB34C00D0AF11 /* Search */ = {
			isa = PBXGroup;
			children = (
				3198601E1AE283580057D9E0 /* EASearchPopupViewController.h */,
				3198601F1AE283580057D9E0 /* EASearchPopupViewController.m */,
				313893EE1A8AB34400D0AF11 /* EASearchTableViewController.h */,
				313893EF1A8AB34400D0AF11 /* EASearchTableViewController.m */,
			);
			name = Search;
			sourceTree = "<group>";
		};
		3146E6A51A80E2160072FC99 = {
			isa = PBXGroup;
			children = (
				3146E6B01A80E2160072FC99 /* EASE */,
				3146E6CA1A80E2160072FC99 /* EASETests */,
				3146E6AF1A80E2160072FC99 /* Products */,
				E4BE122217050E93E17FFFAE /* Pods */,
				6C59B58222487B9AB65A4B0B /* Frameworks */,
			);
			sourceTree = "<group>";
		};
		3146E6AF1A80E2160072FC99 /* Products */ = {
			isa = PBXGroup;
			children = (
				3146E6AE1A80E2160072FC99 /* EASE.app */,
				3146E6C71A80E2160072FC99 /* EASETests.xctest */,
			);
			name = Products;
			sourceTree = "<group>";
		};
		3146E6B01A80E2160072FC99 /* EASE */ = {
			isa = PBXGroup;
			children = (
				3146E6B51A80E2160072FC99 /* AppDelegate.h */,
				3146E6B61A80E2160072FC99 /* AppDelegate.m */,
				311F0F5B1AEA636E005F7D01 /* External Class */,
				3146E6D81A80E55C0072FC99 /* Class */,
				3146E6D71A80E54D0072FC99 /* UI */,
				3146E6B11A80E2160072FC99 /* Supporting Files */,
			);
			path = EASE;
			sourceTree = "<group>";
		};
		3146E6B11A80E2160072FC99 /* Supporting Files */ = {
			isa = PBXGroup;
			children = (
				3146E6B21A80E2160072FC99 /* Info.plist */,
				3146E6B31A80E2160072FC99 /* main.m */,
			);
			name = "Supporting Files";
			sourceTree = "<group>";
		};
		3146E6CA1A80E2160072FC99 /* EASETests */ = {
			isa = PBXGroup;
			children = (
				3146E6CD1A80E2160072FC99 /* EASETests.m */,
				3146E6CB1A80E2160072FC99 /* Supporting Files */,
			);
			path = EASETests;
			sourceTree = "<group>";
		};
		3146E6CB1A80E2160072FC99 /* Supporting Files */ = {
			isa = PBXGroup;
			children = (
				3146E6CC1A80E2160072FC99 /* Info.plist */,
			);
			name = "Supporting Files";
			sourceTree = "<group>";
		};
		3146E6D71A80E54D0072FC99 /* UI */ = {
			isa = PBXGroup;
			children = (
				3146E6BB1A80E2160072FC99 /* Main.storyboard */,
				3146E6BE1A80E2160072FC99 /* Images.xcassets */,
				3146E6C01A80E2160072FC99 /* LaunchScreen.xib */,
				31FFAE9E1AD04DF500AACD2D /* Login */,
				31BA9A611AA47DEB005D4E22 /* Root */,
				31BA9A621AA47DF0005D4E22 /* Left Menu */,
				31BA9A661AA47E18005D4E22 /* Notifications */,
				3146E6EE1A8165110072FC99 /* Workflow Viewer */,
				31BA9A601AA47DE4005D4E22 /* New Workflow */,
				31A50F0E1AC94ACD00BDF367 /* Calendar */,
			);
			name = UI;
			sourceTree = "<group>";
		};
		3146E6D81A80E55C0072FC99 /* Class */ = {
			isa = PBXGroup;
			children = (
				3146E6E81A8154870072FC99 /* EADateInterval.h */,
				3146E6E91A8154870072FC99 /* EADateInterval.m */,
				31C02CF71AD2F35600D4A915 /* Workflows */,
				31C02CF81AD2F36900D4A915 /* Networking */,
				311F0F5A1AEA6173005F7D01 /* House */,
				31C02CF91AD2F6B000D4A915 /* NSDate+Complements.h */,
				31C02CFA1AD2F6B000D4A915 /* NSDate+Complements.m */,
			);
			name = Class;
			sourceTree = "<group>";
		};
		3146E6EE1A8165110072FC99 /* Workflow Viewer */ = {
			isa = PBXGroup;
			children = (
				316DBF421A8C11C600828BE2 /* EAWorkflowMasterViewController.h */,
				316DBF431A8C11C600828BE2 /* EAWorkflowMasterViewController.m */,
				313078151A8921420080E17B /* Infos */,
				313078161A8921470080E17B /* Timetable */,
			);
			name = "Workflow Viewer";
			sourceTree = "<group>";
		};
		319CCBCD1AA66ED000567C14 /* Tasks */ = {
			isa = PBXGroup;
			children = (
				31A2A46B1AAC7D9B00C0F77F /* EATaskCell.xib */,
				315722701AE9950300C3D1FA /* EATaskHeader.xib */,
				31BA9A631AA47E14005D4E22 /* EATasksViewController.h */,
				31BA9A641AA47E14005D4E22 /* EATasksViewController.m */,
				311915BA1AA510BB00DD4EDF /* EATaskCollectionViewCell.h */,
				311915BB1AA510BB00DD4EDF /* EATaskCollectionViewCell.m */,
				319CCBD11AA66FC900567C14 /* EATaskInfoViewController.h */,
				319CCBD21AA66FC900567C14 /* EATaskInfoViewController.m */,
			);
			name = Tasks;
			sourceTree = "<group>";
		};
		31A50F0E1AC94ACD00BDF367 /* Calendar */ = {
			isa = PBXGroup;
			children = (
				315AC96C1AACFDF800E7B54C /* EACalendarViewController.h */,
				315AC96D1AACFDF800E7B54C /* EACalendarViewController.m */,
				3176D78D1ABF76F600B206A7 /* EACalendarWorkflowCollectionViewCell.h */,
				3176D78E1ABF76F600B206A7 /* EACalendarWorkflowCollectionViewCell.m */,
				31A50F0B1AC94ABF00BDF367 /* EACalendarTaskCollectionViewCell.h */,
				31A50F0C1AC94ABF00BDF367 /* EACalendarTaskCollectionViewCell.m */,
			);
			name = Calendar;
			sourceTree = "<group>";
		};
		31BA9A601AA47DE4005D4E22 /* New Workflow */ = {
			isa = PBXGroup;
			children = (
				313893F11A8AB34C00D0AF11 /* Search */,
				311734AF1A87E68A006B2B39 /* Workflow List Viewer */,
			);
			name = "New Workflow";
			sourceTree = "<group>";
		};
		31BA9A611AA47DEB005D4E22 /* Root */ = {
			isa = PBXGroup;
			children = (
				31BA9A581AA46CA3005D4E22 /* EARootViewController.h */,
				31BA9A591AA46CA3005D4E22 /* EARootViewController.m */,
			);
			name = Root;
			sourceTree = "<group>";
		};
		31BA9A621AA47DF0005D4E22 /* Left Menu */ = {
			isa = PBXGroup;
			children = (
				31BA9A5B1AA4719D005D4E22 /* EALeftMenuViewController.h */,
				31BA9A5C1AA4719D005D4E22 /* EALeftMenuViewController.m */,
			);
			name = "Left Menu";
			sourceTree = "<group>";
		};
		31BA9A661AA47E18005D4E22 /* Notifications */ = {
			isa = PBXGroup;
			children = (
				319CCBCD1AA66ED000567C14 /* Tasks */,
			);
			name = Notifications;
			sourceTree = "<group>";
		};
		31C02CF71AD2F35600D4A915 /* Workflows */ = {
			isa = PBXGroup;
			children = (
				31C02CFC1AD3293200D4A915 /* EAMetaworkflow.h */,
				31C02CFD1AD3293200D4A915 /* EAMetaworkflow.m */,
				3146E6D91A80E57A0072FC99 /* EAWorkflow.h */,
				3146E6DA1A80E57A0072FC99 /* EAWorkflow.m */,
				3146E6DC1A80E62B0072FC99 /* EATask.h */,
				3146E6DD1A80E62B0072FC99 /* EATask.m */,
				3157226D1AE96AFC00C3D1FA /* EAMetaTask.h */,
				3157226E1AE96AFC00C3D1FA /* EAMetaTask.m */,
			);
			name = Workflows;
			sourceTree = "<group>";
		};
		31C02CF81AD2F36900D4A915 /* Networking */ = {
			isa = PBXGroup;
			children = (
				316DBF451A8CB15800828BE2 /* EANetworkingHelper.h */,
				316DBF461A8CB15800828BE2 /* EANetworkingHelper.m */,
				31C02CF41AD2F22F00D4A915 /* EASearchResults.h */,
				31C02CF51AD2F22F00D4A915 /* EASearchResults.m */,
			);
			name = Networking;
			sourceTree = "<group>";
		};
		31FFAE9E1AD04DF500AACD2D /* Login */ = {
			isa = PBXGroup;
			children = (
				31FFAE9B1AD04DE900AACD2D /* EALoginViewController.h */,
				31FFAE9C1AD04DE900AACD2D /* EALoginViewController.m */,
			);
			name = Login;
			sourceTree = "<group>";
		};
		6C59B58222487B9AB65A4B0B /* Frameworks */ = {
			isa = PBXGroup;
			children = (
				8B823D8B3C18F8EEB2E51D44 /* Pods.framework */,
			);
			name = Frameworks;
			sourceTree = "<group>";
		};
		E4BE122217050E93E17FFFAE /* Pods */ = {
			isa = PBXGroup;
			children = (
				3D038CB637637CAD0E292855 /* Pods.debug.xcconfig */,
				4D2E7D23C6E8A69C23A7980B /* Pods.release.xcconfig */,
			);
			name = Pods;
			sourceTree = "<group>";
		};
/* End PBXGroup section */

/* Begin PBXNativeTarget section */
		3146E6AD1A80E2160072FC99 /* EASE */ = {
			isa = PBXNativeTarget;
			buildConfigurationList = 3146E6D11A80E2160072FC99 /* Build configuration list for PBXNativeTarget "EASE" */;
			buildPhases = (
				E351C39CF5DA31DDD3F05CDE /* Check Pods Manifest.lock */,
				3146E6AA1A80E2160072FC99 /* Sources */,
				3146E6AB1A80E2160072FC99 /* Frameworks */,
				3146E6AC1A80E2160072FC99 /* Resources */,
				432D04691D02DCC4E2DEB4BA /* Copy Pods Resources */,
				65F0DB11352213C6D525908A /* Embed Pods Frameworks */,
			);
			buildRules = (
			);
			dependencies = (
			);
			name = EASE;
			productName = EASE;
			productReference = 3146E6AE1A80E2160072FC99 /* EASE.app */;
			productType = "com.apple.product-type.application";
		};
		3146E6C61A80E2160072FC99 /* EASETests */ = {
			isa = PBXNativeTarget;
			buildConfigurationList = 3146E6D41A80E2160072FC99 /* Build configuration list for PBXNativeTarget "EASETests" */;
			buildPhases = (
				3146E6C31A80E2160072FC99 /* Sources */,
				3146E6C41A80E2160072FC99 /* Frameworks */,
				3146E6C51A80E2160072FC99 /* Resources */,
			);
			buildRules = (
			);
			dependencies = (
				3146E6C91A80E2160072FC99 /* PBXTargetDependency */,
			);
			name = EASETests;
			productName = EASETests;
			productReference = 3146E6C71A80E2160072FC99 /* EASETests.xctest */;
			productType = "com.apple.product-type.bundle.unit-test";
		};
/* End PBXNativeTarget section */

/* Begin PBXProject section */
		3146E6A61A80E2160072FC99 /* Project object */ = {
			isa = PBXProject;
			attributes = {
				LastUpgradeCheck = 0610;
				ORGANIZATIONNAME = "Aladin TALEB";
				TargetAttributes = {
					3146E6AD1A80E2160072FC99 = {
						CreatedOnToolsVersion = 6.1;
						DevelopmentTeam = C2UZU6ZLJE;
					};
					3146E6C61A80E2160072FC99 = {
						CreatedOnToolsVersion = 6.1;
						TestTargetID = 3146E6AD1A80E2160072FC99;
					};
				};
			};
			buildConfigurationList = 3146E6A91A80E2160072FC99 /* Build configuration list for PBXProject "EASE" */;
			compatibilityVersion = "Xcode 3.2";
			developmentRegion = English;
			hasScannedForEncodings = 0;
			knownRegions = (
				en,
				Base,
			);
			mainGroup = 3146E6A51A80E2160072FC99;
			productRefGroup = 3146E6AF1A80E2160072FC99 /* Products */;
			projectDirPath = "";
			projectRoot = "";
			targets = (
				3146E6AD1A80E2160072FC99 /* EASE */,
				3146E6C61A80E2160072FC99 /* EASETests */,
			);
		};
/* End PBXProject section */

/* Begin PBXResourcesBuildPhase section */
		3146E6AC1A80E2160072FC99 /* Resources */ = {
			isa = PBXResourcesBuildPhase;
			buildActionMask = 2147483647;
			files = (
				3146E6BD1A80E2160072FC99 /* Main.storyboard in Resources */,
				315722711AE9950300C3D1FA /* EATaskHeader.xib in Resources */,
				3146E6C21A80E2160072FC99 /* LaunchScreen.xib in Resources */,
				3146E6BF1A80E2160072FC99 /* Images.xcassets in Resources */,
				31A2A46C1AAC7D9B00C0F77F /* EATaskCell.xib in Resources */,
			);
			runOnlyForDeploymentPostprocessing = 0;
		};
		3146E6C51A80E2160072FC99 /* Resources */ = {
			isa = PBXResourcesBuildPhase;
			buildActionMask = 2147483647;
			files = (
			);
			runOnlyForDeploymentPostprocessing = 0;
		};
/* End PBXResourcesBuildPhase section */

/* Begin PBXShellScriptBuildPhase section */
		432D04691D02DCC4E2DEB4BA /* Copy Pods Resources */ = {
			isa = PBXShellScriptBuildPhase;
			buildActionMask = 2147483647;
			files = (
			);
			inputPaths = (
			);
			name = "Copy Pods Resources";
			outputPaths = (
			);
			runOnlyForDeploymentPostprocessing = 0;
			shellPath = /bin/sh;
			shellScript = "\"${SRCROOT}/Pods/Target Support Files/Pods/Pods-resources.sh\"\n";
			showEnvVarsInLog = 0;
		};
		65F0DB11352213C6D525908A /* Embed Pods Frameworks */ = {
			isa = PBXShellScriptBuildPhase;
			buildActionMask = 2147483647;
			files = (
			);
			inputPaths = (
			);
			name = "Embed Pods Frameworks";
			outputPaths = (
			);
			runOnlyForDeploymentPostprocessing = 0;
			shellPath = /bin/sh;
			shellScript = "\"${SRCROOT}/Pods/Target Support Files/Pods/Pods-frameworks.sh\"\n";
			showEnvVarsInLog = 0;
		};
		E351C39CF5DA31DDD3F05CDE /* Check Pods Manifest.lock */ = {
			isa = PBXShellScriptBuildPhase;
			buildActionMask = 2147483647;
			files = (
			);
			inputPaths = (
			);
			name = "Check Pods Manifest.lock";
			outputPaths = (
			);
			runOnlyForDeploymentPostprocessing = 0;
			shellPath = /bin/sh;
			shellScript = "diff \"${PODS_ROOT}/../Podfile.lock\" \"${PODS_ROOT}/Manifest.lock\" > /dev/null\nif [[ $? != 0 ]] ; then\n    cat << EOM\nerror: The sandbox is not in sync with the Podfile.lock. Run 'pod install' or update your CocoaPods installation.\nEOM\n    exit 1\nfi\n";
			showEnvVarsInLog = 0;
		};
/* End PBXShellScriptBuildPhase section */

/* Begin PBXSourcesBuildPhase section */
		3146E6AA1A80E2160072FC99 /* Sources */ = {
			isa = PBXSourcesBuildPhase;
			buildActionMask = 2147483647;
			files = (
				311734AB1A87E2E4006B2B39 /* FRGWaterfallCollectionViewLayout.m in Sources */,
				312988031AC861F700036504 /* EAIngredient.m in Sources */,
				3113A8521A82373D00E972F3 /* EAWorkflowDateScrollView.m in Sources */,
				3146E6DB1A80E57A0072FC99 /* EAWorkflow.m in Sources */,
				316DBF471A8CB15800828BE2 /* EANetworkingHelper.m in Sources */,
				311915BC1AA510BB00DD4EDF /* EATaskCollectionViewCell.m in Sources */,
				319860201AE283580057D9E0 /* EASearchPopupViewController.m in Sources */,
				31BA9A5D1AA4719D005D4E22 /* EALeftMenuViewController.m in Sources */,
				313893F01A8AB34400D0AF11 /* EASearchTableViewController.m in Sources */,
				319CCBD31AA66FC900567C14 /* EATaskInfoViewController.m in Sources */,
				311734A81A87E265006B2B39 /* EAWorkflowListCollectionViewController.m in Sources */,
				3146E6BA1A80E2160072FC99 /* EAWorkflowViewController.m in Sources */,
				3146E6ED1A8165060072FC99 /* EAWorkflowTaskCollectionViewCell.m in Sources */,
				31C02CF61AD2F22F00D4A915 /* EASearchResults.m in Sources */,
				312988061AC8644F00036504 /* EAUser.m in Sources */,
				31A50F0D1AC94ABF00BDF367 /* EACalendarTaskCollectionViewCell.m in Sources */,
				311915BD1AA5122E00DD4EDF /* EATasksViewController.m in Sources */,
				3146E6DE1A80E62B0072FC99 /* EATask.m in Sources */,
				311734AE1A87E416006B2B39 /* FRGWaterfallDecorationReusableView.m in Sources */,
				311734C11A88B8E1006B2B39 /* MBPullDownController.m in Sources */,
				31BA9A5A1AA46CA3005D4E22 /* EARootViewController.m in Sources */,
				3146E6EA1A8154870072FC99 /* EADateInterval.m in Sources */,
				31C02CFE1AD3293200D4A915 /* EAMetaworkflow.m in Sources */,
				311734B41A87E6E1006B2B39 /* EAWorkflowListCollectionViewCell.m in Sources */,
				315AC96E1AACFDF800E7B54C /* EACalendarViewController.m in Sources */,
				316DBF441A8C11C600828BE2 /* EAWorkflowMasterViewController.m in Sources */,
				311915C31AA5BB6700DD4EDF /* EAAgent.m in Sources */,
				313078141A89213B0080E17B /* EAWorkflowInfosViewController.m in Sources */,
				31C02CFB1AD2F6B000D4A915 /* NSDate+Complements.m in Sources */,
				3146E6B71A80E2160072FC99 /* AppDelegate.m in Sources */,
				315722771AE9B1DA00C3D1FA /* FSQCollectionViewAlignedLayout.m in Sources */,
				3146E6B41A80E2160072FC99 /* main.m in Sources */,
				31A7509F1A8F3FDA00FF0E7C /* EASearchSortTableViewController.m in Sources */,
				3176D78F1ABF76F600B206A7 /* EACalendarWorkflowCollectionViewCell.m in Sources */,
				3157226F1AE96AFC00C3D1FA /* EAMetaTask.m in Sources */,
				3146E6E71A8152280072FC99 /* EACollectionViewWorkflowLayout.m in Sources */,
				31FFAE9D1AD04DE900AACD2D /* EALoginViewController.m in Sources */,
				315722741AE999F200C3D1FA /* MYNStickyFlowLayout.m in Sources */,
			);
			runOnlyForDeploymentPostprocessing = 0;
		};
		3146E6C31A80E2160072FC99 /* Sources */ = {
			isa = PBXSourcesBuildPhase;
			buildActionMask = 2147483647;
			files = (
				3146E6CE1A80E2160072FC99 /* EASETests.m in Sources */,
			);
			runOnlyForDeploymentPostprocessing = 0;
		};
/* End PBXSourcesBuildPhase section */

/* Begin PBXTargetDependency section */
		3146E6C91A80E2160072FC99 /* PBXTargetDependency */ = {
			isa = PBXTargetDependency;
			target = 3146E6AD1A80E2160072FC99 /* EASE */;
			targetProxy = 3146E6C81A80E2160072FC99 /* PBXContainerItemProxy */;
		};
/* End PBXTargetDependency section */

/* Begin PBXVariantGroup section */
		3146E6BB1A80E2160072FC99 /* Main.storyboard */ = {
			isa = PBXVariantGroup;
			children = (
				3146E6BC1A80E2160072FC99 /* Base */,
			);
			name = Main.storyboard;
			sourceTree = "<group>";
		};
		3146E6C01A80E2160072FC99 /* LaunchScreen.xib */ = {
			isa = PBXVariantGroup;
			children = (
				3146E6C11A80E2160072FC99 /* Base */,
			);
			name = LaunchScreen.xib;
			sourceTree = "<group>";
		};
/* End PBXVariantGroup section */

/* Begin XCBuildConfiguration section */
		3146E6CF1A80E2160072FC99 /* Debug */ = {
			isa = XCBuildConfiguration;
			buildSettings = {
				ALWAYS_SEARCH_USER_PATHS = NO;
				CLANG_CXX_LANGUAGE_STANDARD = "gnu++0x";
				CLANG_CXX_LIBRARY = "libc++";
				CLANG_ENABLE_MODULES = YES;
				CLANG_ENABLE_OBJC_ARC = YES;
				CLANG_WARN_BOOL_CONVERSION = YES;
				CLANG_WARN_CONSTANT_CONVERSION = YES;
				CLANG_WARN_DIRECT_OBJC_ISA_USAGE = YES_ERROR;
				CLANG_WARN_EMPTY_BODY = YES;
				CLANG_WARN_ENUM_CONVERSION = YES;
				CLANG_WARN_INT_CONVERSION = YES;
				CLANG_WARN_OBJC_ROOT_CLASS = YES_ERROR;
				CLANG_WARN_UNREACHABLE_CODE = YES;
				CLANG_WARN__DUPLICATE_METHOD_MATCH = YES;
				"CODE_SIGN_IDENTITY[sdk=iphoneos*]" = "iPhone Developer";
				COPY_PHASE_STRIP = NO;
				ENABLE_STRICT_OBJC_MSGSEND = YES;
				GCC_C_LANGUAGE_STANDARD = gnu99;
				GCC_DYNAMIC_NO_PIC = NO;
				GCC_OPTIMIZATION_LEVEL = 0;
				GCC_PREPROCESSOR_DEFINITIONS = (
					"DEBUG=1",
					"$(inherited)",
				);
				GCC_SYMBOLS_PRIVATE_EXTERN = NO;
				GCC_WARN_64_TO_32_BIT_CONVERSION = YES;
				GCC_WARN_ABOUT_RETURN_TYPE = YES_ERROR;
				GCC_WARN_UNDECLARED_SELECTOR = YES;
				GCC_WARN_UNINITIALIZED_AUTOS = YES_AGGRESSIVE;
				GCC_WARN_UNUSED_FUNCTION = YES;
				GCC_WARN_UNUSED_VARIABLE = YES;
				IPHONEOS_DEPLOYMENT_TARGET = 8.1;
				MTL_ENABLE_DEBUG_INFO = YES;
				ONLY_ACTIVE_ARCH = YES;
				SDKROOT = iphoneos;
				TARGETED_DEVICE_FAMILY = "1,2";
			};
			name = Debug;
		};
		3146E6D01A80E2160072FC99 /* Release */ = {
			isa = XCBuildConfiguration;
			buildSettings = {
				ALWAYS_SEARCH_USER_PATHS = NO;
				CLANG_CXX_LANGUAGE_STANDARD = "gnu++0x";
				CLANG_CXX_LIBRARY = "libc++";
				CLANG_ENABLE_MODULES = YES;
				CLANG_ENABLE_OBJC_ARC = YES;
				CLANG_WARN_BOOL_CONVERSION = YES;
				CLANG_WARN_CONSTANT_CONVERSION = YES;
				CLANG_WARN_DIRECT_OBJC_ISA_USAGE = YES_ERROR;
				CLANG_WARN_EMPTY_BODY = YES;
				CLANG_WARN_ENUM_CONVERSION = YES;
				CLANG_WARN_INT_CONVERSION = YES;
				CLANG_WARN_OBJC_ROOT_CLASS = YES_ERROR;
				CLANG_WARN_UNREACHABLE_CODE = YES;
				CLANG_WARN__DUPLICATE_METHOD_MATCH = YES;
				"CODE_SIGN_IDENTITY[sdk=iphoneos*]" = "iPhone Developer";
				COPY_PHASE_STRIP = YES;
				ENABLE_NS_ASSERTIONS = NO;
				ENABLE_STRICT_OBJC_MSGSEND = YES;
				GCC_C_LANGUAGE_STANDARD = gnu99;
				GCC_WARN_64_TO_32_BIT_CONVERSION = YES;
				GCC_WARN_ABOUT_RETURN_TYPE = YES_ERROR;
				GCC_WARN_UNDECLARED_SELECTOR = YES;
				GCC_WARN_UNINITIALIZED_AUTOS = YES_AGGRESSIVE;
				GCC_WARN_UNUSED_FUNCTION = YES;
				GCC_WARN_UNUSED_VARIABLE = YES;
				IPHONEOS_DEPLOYMENT_TARGET = 8.1;
				MTL_ENABLE_DEBUG_INFO = NO;
				SDKROOT = iphoneos;
				TARGETED_DEVICE_FAMILY = "1,2";
				VALIDATE_PRODUCT = YES;
			};
			name = Release;
		};
		3146E6D21A80E2160072FC99 /* Debug */ = {
			isa = XCBuildConfiguration;
			baseConfigurationReference = 3D038CB637637CAD0E292855 /* Pods.debug.xcconfig */;
			buildSettings = {
				ASSETCATALOG_COMPILER_APPICON_NAME = AppIcon;
				CODE_SIGN_IDENTITY = "iPhone Developer";
				"CODE_SIGN_IDENTITY[sdk=iphoneos*]" = "iPhone Developer";
				ENABLE_STRICT_OBJC_MSGSEND = YES;
				INFOPLIST_FILE = EASE/Info.plist;
				IPHONEOS_DEPLOYMENT_TARGET = 8.1;
				LD_RUNPATH_SEARCH_PATHS = "$(inherited) @executable_path/Frameworks";
				PRODUCT_NAME = "$(TARGET_NAME)";
				PROVISIONING_PROFILE = "";
			};
			name = Debug;
		};
		3146E6D31A80E2160072FC99 /* Release */ = {
			isa = XCBuildConfiguration;
			baseConfigurationReference = 4D2E7D23C6E8A69C23A7980B /* Pods.release.xcconfig */;
			buildSettings = {
				ASSETCATALOG_COMPILER_APPICON_NAME = AppIcon;
				CODE_SIGN_IDENTITY = "iPhone Developer";
				"CODE_SIGN_IDENTITY[sdk=iphoneos*]" = "iPhone Developer";
				ENABLE_STRICT_OBJC_MSGSEND = YES;
				INFOPLIST_FILE = EASE/Info.plist;
				IPHONEOS_DEPLOYMENT_TARGET = 8.1;
				LD_RUNPATH_SEARCH_PATHS = "$(inherited) @executable_path/Frameworks";
				PRODUCT_NAME = "$(TARGET_NAME)";
				PROVISIONING_PROFILE = "";
			};
			name = Release;
		};
		3146E6D51A80E2160072FC99 /* Debug */ = {
			isa = XCBuildConfiguration;
			buildSettings = {
				BUNDLE_LOADER = "$(TEST_HOST)";
				FRAMEWORK_SEARCH_PATHS = (
					"$(SDKROOT)/Developer/Library/Frameworks",
					"$(inherited)",
				);
				GCC_PREPROCESSOR_DEFINITIONS = (
					"DEBUG=1",
					"$(inherited)",
				);
				INFOPLIST_FILE = EASETests/Info.plist;
				LD_RUNPATH_SEARCH_PATHS = "$(inherited) @executable_path/Frameworks @loader_path/Frameworks";
				PRODUCT_NAME = "$(TARGET_NAME)";
				TEST_HOST = "$(BUILT_PRODUCTS_DIR)/EASE.app/EASE";
			};
			name = Debug;
		};
		3146E6D61A80E2160072FC99 /* Release */ = {
			isa = XCBuildConfiguration;
			buildSettings = {
				BUNDLE_LOADER = "$(TEST_HOST)";
				FRAMEWORK_SEARCH_PATHS = (
					"$(SDKROOT)/Developer/Library/Frameworks",
					"$(inherited)",
				);
				INFOPLIST_FILE = EASETests/Info.plist;
				LD_RUNPATH_SEARCH_PATHS = "$(inherited) @executable_path/Frameworks @loader_path/Frameworks";
				PRODUCT_NAME = "$(TARGET_NAME)";
				TEST_HOST = "$(BUILT_PRODUCTS_DIR)/EASE.app/EASE";
			};
			name = Release;
		};
/* End XCBuildConfiguration section */

/* Begin XCConfigurationList section */
		3146E6A91A80E2160072FC99 /* Build configuration list for PBXProject "EASE" */ = {
			isa = XCConfigurationList;
			buildConfigurations = (
				3146E6CF1A80E2160072FC99 /* Debug */,
				3146E6D01A80E2160072FC99 /* Release */,
			);
			defaultConfigurationIsVisible = 0;
			defaultConfigurationName = Release;
		};
		3146E6D11A80E2160072FC99 /* Build configuration list for PBXNativeTarget "EASE" */ = {
			isa = XCConfigurationList;
			buildConfigurations = (
				3146E6D21A80E2160072FC99 /* Debug */,
				3146E6D31A80E2160072FC99 /* Release */,
			);
			defaultConfigurationIsVisible = 0;
			defaultConfigurationName = Release;
		};
		3146E6D41A80E2160072FC99 /* Build configuration list for PBXNativeTarget "EASETests" */ = {
			isa = XCConfigurationList;
			buildConfigurations = (
				3146E6D51A80E2160072FC99 /* Debug */,
				3146E6D61A80E2160072FC99 /* Release */,
			);
			defaultConfigurationIsVisible = 0;
			defaultConfigurationName = Release;
		};
/* End XCConfigurationList section */
	};
	rootObject = 3146E6A61A80E2160072FC99 /* Project object */;
}
